// !$*UTF8*$!
{
	archiveVersion = 1;
	classes = {
	};
	objectVersion = 51;
	objects = {

/* Begin PBXBuildFile section */
		681F7A152343E6B200EEADA0 /* StarscreamSocket.swift in Sources */ = {isa = PBXBuildFile; fileRef = 681F7A142343E6B200EEADA0 /* StarscreamSocket.swift */; };
		689B15522342DBA800A979AC /* AppDelegate.swift in Sources */ = {isa = PBXBuildFile; fileRef = 689B15512342DBA800A979AC /* AppDelegate.swift */; };
		689B15542342DBA800A979AC /* SceneDelegate.swift in Sources */ = {isa = PBXBuildFile; fileRef = 689B15532342DBA800A979AC /* SceneDelegate.swift */; };
		689B15562342DBA800A979AC /* ViewController.swift in Sources */ = {isa = PBXBuildFile; fileRef = 689B15552342DBA800A979AC /* ViewController.swift */; };
		689B15592342DBA800A979AC /* Main.storyboard in Resources */ = {isa = PBXBuildFile; fileRef = 689B15572342DBA800A979AC /* Main.storyboard */; };
		689B155B2342DBA900A979AC /* Assets.xcassets in Resources */ = {isa = PBXBuildFile; fileRef = 689B155A2342DBA900A979AC /* Assets.xcassets */; };
		689B155E2342DBA900A979AC /* LaunchScreen.storyboard in Resources */ = {isa = PBXBuildFile; fileRef = 689B155C2342DBA900A979AC /* LaunchScreen.storyboard */; };
		689B15662343039200A979AC /* NativeWebSocket.swift in Sources */ = {isa = PBXBuildFile; fileRef = 689B15652343039200A979AC /* NativeWebSocket.swift */; };
		844EECDD1C3E664539529F38 /* Pods_AllTheNetworks.framework in Frameworks */ = {isa = PBXBuildFile; fileRef = 9F196BA12D9541B330DC7446 /* Pods_AllTheNetworks.framework */; };
/* End PBXBuildFile section */

/* Begin PBXFileReference section */
		4027ADC9BCFCC4934D2C177D /* Pods-AllTheNetworks.debug.xcconfig */ = {isa = PBXFileReference; includeInIndex = 1; lastKnownFileType = text.xcconfig; name = "Pods-AllTheNetworks.debug.xcconfig"; path = "Target Support Files/Pods-AllTheNetworks/Pods-AllTheNetworks.debug.xcconfig"; sourceTree = "<group>"; };
		681F7A142343E6B200EEADA0 /* StarscreamSocket.swift */ = {isa = PBXFileReference; lastKnownFileType = sourcecode.swift; path = StarscreamSocket.swift; sourceTree = "<group>"; };
		689B154E2342DBA800A979AC /* AllTheNetworks.app */ = {isa = PBXFileReference; explicitFileType = wrapper.application; includeInIndex = 0; path = AllTheNetworks.app; sourceTree = BUILT_PRODUCTS_DIR; };
		689B15512342DBA800A979AC /* AppDelegate.swift */ = {isa = PBXFileReference; lastKnownFileType = sourcecode.swift; path = AppDelegate.swift; sourceTree = "<group>"; };
		689B15532342DBA800A979AC /* SceneDelegate.swift */ = {isa = PBXFileReference; lastKnownFileType = sourcecode.swift; path = SceneDelegate.swift; sourceTree = "<group>"; };
		689B15552342DBA800A979AC /* ViewController.swift */ = {isa = PBXFileReference; lastKnownFileType = sourcecode.swift; path = ViewController.swift; sourceTree = "<group>"; };
		689B15582342DBA800A979AC /* Base */ = {isa = PBXFileReference; lastKnownFileType = file.storyboard; name = Base; path = Base.lproj/Main.storyboard; sourceTree = "<group>"; };
		689B155A2342DBA900A979AC /* Assets.xcassets */ = {isa = PBXFileReference; lastKnownFileType = folder.assetcatalog; path = Assets.xcassets; sourceTree = "<group>"; };
		689B155D2342DBA900A979AC /* Base */ = {isa = PBXFileReference; lastKnownFileType = file.storyboard; name = Base; path = Base.lproj/LaunchScreen.storyboard; sourceTree = "<group>"; };
		689B155F2342DBA900A979AC /* Info.plist */ = {isa = PBXFileReference; lastKnownFileType = text.plist.xml; path = Info.plist; sourceTree = "<group>"; };
		689B15652343039200A979AC /* NativeWebSocket.swift */ = {isa = PBXFileReference; lastKnownFileType = sourcecode.swift; path = NativeWebSocket.swift; sourceTree = "<group>"; };
		9F196BA12D9541B330DC7446 /* Pods_AllTheNetworks.framework */ = {isa = PBXFileReference; explicitFileType = wrapper.framework; includeInIndex = 0; path = Pods_AllTheNetworks.framework; sourceTree = BUILT_PRODUCTS_DIR; };
		AC9D7AA2FEF774E657CE44CE /* Pods-AllTheNetworks.release.xcconfig */ = {isa = PBXFileReference; includeInIndex = 1; lastKnownFileType = text.xcconfig; name = "Pods-AllTheNetworks.release.xcconfig"; path = "Target Support Files/Pods-AllTheNetworks/Pods-AllTheNetworks.release.xcconfig"; sourceTree = "<group>"; };
/* End PBXFileReference section */

/* Begin PBXFrameworksBuildPhase section */
		689B154B2342DBA800A979AC /* Frameworks */ = {
			isa = PBXFrameworksBuildPhase;
			buildActionMask = 2147483647;
			files = (
				844EECDD1C3E664539529F38 /* Pods_AllTheNetworks.framework in Frameworks */,
			);
			runOnlyForDeploymentPostprocessing = 0;
		};
/* End PBXFrameworksBuildPhase section */

/* Begin PBXGroup section */
		689B15452342DBA800A979AC = {
			isa = PBXGroup;
			children = (
				689B15502342DBA800A979AC /* AllTheNetworks */,
				689B154F2342DBA800A979AC /* Products */,
				B2148AF5727B5B0F32472576 /* Pods */,
				E6EF6F785882E8A789568D4F /* Frameworks */,
			);
			sourceTree = "<group>";
		};
		689B154F2342DBA800A979AC /* Products */ = {
			isa = PBXGroup;
			children = (
				689B154E2342DBA800A979AC /* AllTheNetworks.app */,
			);
			name = Products;
			sourceTree = "<group>";
		};
		689B15502342DBA800A979AC /* AllTheNetworks */ = {
			isa = PBXGroup;
			children = (
				689B15512342DBA800A979AC /* AppDelegate.swift */,
				689B15532342DBA800A979AC /* SceneDelegate.swift */,
				689B15552342DBA800A979AC /* ViewController.swift */,
				689B15652343039200A979AC /* NativeWebSocket.swift */,
				681F7A142343E6B200EEADA0 /* StarscreamSocket.swift */,
				689B15572342DBA800A979AC /* Main.storyboard */,
				689B155A2342DBA900A979AC /* Assets.xcassets */,
				689B155C2342DBA900A979AC /* LaunchScreen.storyboard */,
				689B155F2342DBA900A979AC /* Info.plist */,
			);
			path = AllTheNetworks;
			sourceTree = "<group>";
		};
		B2148AF5727B5B0F32472576 /* Pods */ = {
			isa = PBXGroup;
			children = (
				4027ADC9BCFCC4934D2C177D /* Pods-AllTheNetworks.debug.xcconfig */,
				AC9D7AA2FEF774E657CE44CE /* Pods-AllTheNetworks.release.xcconfig */,
			);
			path = Pods;
			sourceTree = "<group>";
		};
		E6EF6F785882E8A789568D4F /* Frameworks */ = {
			isa = PBXGroup;
			children = (
				9F196BA12D9541B330DC7446 /* Pods_AllTheNetworks.framework */,
			);
			name = Frameworks;
			sourceTree = "<group>";
		};
/* End PBXGroup section */

/* Begin PBXNativeTarget section */
		689B154D2342DBA800A979AC /* AllTheNetworks */ = {
			isa = PBXNativeTarget;
			buildConfigurationList = 689B15622342DBA900A979AC /* Build configuration list for PBXNativeTarget "AllTheNetworks" */;
			buildPhases = (
				D544DA82C2453D889373921C /* [CP] Check Pods Manifest.lock */,
				689B154A2342DBA800A979AC /* Sources */,
				689B154B2342DBA800A979AC /* Frameworks */,
				689B154C2342DBA800A979AC /* Resources */,
				12A67D387941271A987C265A /* [CP] Embed Pods Frameworks */,
			);
			buildRules = (
			);
			dependencies = (
			);
			name = AllTheNetworks;
			productName = AllTheNetworks;
			productReference = 689B154E2342DBA800A979AC /* AllTheNetworks.app */;
			productType = "com.apple.product-type.application";
		};
/* End PBXNativeTarget section */

/* Begin PBXProject section */
		689B15462342DBA800A979AC /* Project object */ = {
			isa = PBXProject;
			attributes = {
				LastSwiftUpdateCheck = 1100;
				LastUpgradeCheck = 1100;
				ORGANIZATIONNAME = "Neas Lease";
				TargetAttributes = {
					689B154D2342DBA800A979AC = {
						CreatedOnToolsVersion = 11.0;
					};
				};
			};
			buildConfigurationList = 689B15492342DBA800A979AC /* Build configuration list for PBXProject "AllTheNetworks" */;
			compatibilityVersion = "Xcode 9.3";
			developmentRegion = en;
			hasScannedForEncodings = 0;
			knownRegions = (
				en,
				Base,
			);
			mainGroup = 689B15452342DBA800A979AC;
			productRefGroup = 689B154F2342DBA800A979AC /* Products */;
			projectDirPath = "";
			projectRoot = "";
			targets = (
				689B154D2342DBA800A979AC /* AllTheNetworks */,
			);
		};
/* End PBXProject section */

/* Begin PBXResourcesBuildPhase section */
		689B154C2342DBA800A979AC /* Resources */ = {
			isa = PBXResourcesBuildPhase;
			buildActionMask = 2147483647;
			files = (
				689B155E2342DBA900A979AC /* LaunchScreen.storyboard in Resources */,
				689B155B2342DBA900A979AC /* Assets.xcassets in Resources */,
				689B15592342DBA800A979AC /* Main.storyboard in Resources */,
			);
			runOnlyForDeploymentPostprocessing = 0;
		};
/* End PBXResourcesBuildPhase section */

/* Begin PBXShellScriptBuildPhase section */
		12A67D387941271A987C265A /* [CP] Embed Pods Frameworks */ = {
			isa = PBXShellScriptBuildPhase;
			buildActionMask = 2147483647;
			files = (
			);
			inputFileListPaths = (
				"${PODS_ROOT}/Target Support Files/Pods-AllTheNetworks/Pods-AllTheNetworks-frameworks-${CONFIGURATION}-input-files.xcfilelist",
			);
			name = "[CP] Embed Pods Frameworks";
			outputFileListPaths = (
				"${PODS_ROOT}/Target Support Files/Pods-AllTheNetworks/Pods-AllTheNetworks-frameworks-${CONFIGURATION}-output-files.xcfilelist",
			);
			runOnlyForDeploymentPostprocessing = 0;
			shellPath = /bin/sh;
			shellScript = "\"${PODS_ROOT}/Target Support Files/Pods-AllTheNetworks/Pods-AllTheNetworks-frameworks.sh\"\n";
			showEnvVarsInLog = 0;
		};
		D544DA82C2453D889373921C /* [CP] Check Pods Manifest.lock */ = {
			isa = PBXShellScriptBuildPhase;
			buildActionMask = 2147483647;
			files = (
			);
			inputFileListPaths = (
			);
			inputPaths = (
				"${PODS_PODFILE_DIR_PATH}/Podfile.lock",
				"${PODS_ROOT}/Manifest.lock",
			);
			name = "[CP] Check Pods Manifest.lock";
			outputFileListPaths = (
			);
			outputPaths = (
				"$(DERIVED_FILE_DIR)/Pods-AllTheNetworks-checkManifestLockResult.txt",
			);
			runOnlyForDeploymentPostprocessing = 0;
			shellPath = /bin/sh;
			shellScript = "diff \"${PODS_PODFILE_DIR_PATH}/Podfile.lock\" \"${PODS_ROOT}/Manifest.lock\" > /dev/null\nif [ $? != 0 ] ; then\n    # print error to STDERR\n    echo \"error: The sandbox is not in sync with the Podfile.lock. Run 'pod install' or update your CocoaPods installation.\" >&2\n    exit 1\nfi\n# This output is used by Xcode 'outputs' to avoid re-running this script phase.\necho \"SUCCESS\" > \"${SCRIPT_OUTPUT_FILE_0}\"\n";
			showEnvVarsInLog = 0;
		};
/* End PBXShellScriptBuildPhase section */

/* Begin PBXSourcesBuildPhase section */
		689B154A2342DBA800A979AC /* Sources */ = {
			isa = PBXSourcesBuildPhase;
			buildActionMask = 2147483647;
			files = (
				689B15562342DBA800A979AC /* ViewController.swift in Sources */,
				689B15662343039200A979AC /* NativeWebSocket.swift in Sources */,
				689B15522342DBA800A979AC /* AppDelegate.swift in Sources */,
				689B15542342DBA800A979AC /* SceneDelegate.swift in Sources */,
				681F7A152343E6B200EEADA0 /* StarscreamSocket.swift in Sources */,
			);
			runOnlyForDeploymentPostprocessing = 0;
		};
/* End PBXSourcesBuildPhase section */

/* Begin PBXVariantGroup section */
		689B15572342DBA800A979AC /* Main.storyboard */ = {
			isa = PBXVariantGroup;
			children = (
				689B15582342DBA800A979AC /* Base */,
			);
			name = Main.storyboard;
			sourceTree = "<group>";
		};
		689B155C2342DBA900A979AC /* LaunchScreen.storyboard */ = {
			isa = PBXVariantGroup;
			children = (
				689B155D2342DBA900A979AC /* Base */,
			);
			name = LaunchScreen.storyboard;
			sourceTree = "<group>";
		};
/* End PBXVariantGroup section */

/* Begin XCBuildConfiguration section */
		689B15602342DBA900A979AC /* Debug */ = {
			isa = XCBuildConfiguration;
			buildSettings = {
				ALWAYS_SEARCH_USER_PATHS = NO;
				CLANG_ANALYZER_NONNULL = YES;
				CLANG_ANALYZER_NUMBER_OBJECT_CONVERSION = YES_AGGRESSIVE;
				CLANG_CXX_LANGUAGE_STANDARD = "gnu++14";
				CLANG_CXX_LIBRARY = "libc++";
				CLANG_ENABLE_MODULES = YES;
				CLANG_ENABLE_OBJC_ARC = YES;
				CLANG_ENABLE_OBJC_WEAK = YES;
				CLANG_WARN_BLOCK_CAPTURE_AUTORELEASING = YES;
				CLANG_WARN_BOOL_CONVERSION = YES;
				CLANG_WARN_COMMA = YES;
				CLANG_WARN_CONSTANT_CONVERSION = YES;
				CLANG_WARN_DEPRECATED_OBJC_IMPLEMENTATIONS = YES;
				CLANG_WARN_DIRECT_OBJC_ISA_USAGE = YES_ERROR;
				CLANG_WARN_DOCUMENTATION_COMMENTS = YES;
				CLANG_WARN_EMPTY_BODY = YES;
				CLANG_WARN_ENUM_CONVERSION = YES;
				CLANG_WARN_INFINITE_RECURSION = YES;
				CLANG_WARN_INT_CONVERSION = YES;
				CLANG_WARN_NON_LITERAL_NULL_CONVERSION = YES;
				CLANG_WARN_OBJC_IMPLICIT_RETAIN_SELF = YES;
				CLANG_WARN_OBJC_LITERAL_CONVERSION = YES;
				CLANG_WARN_OBJC_ROOT_CLASS = YES_ERROR;
				CLANG_WARN_RANGE_LOOP_ANALYSIS = YES;
				CLANG_WARN_STRICT_PROTOTYPES = YES;
				CLANG_WARN_SUSPICIOUS_MOVE = YES;
				CLANG_WARN_UNGUARDED_AVAILABILITY = YES_AGGRESSIVE;
				CLANG_WARN_UNREACHABLE_CODE = YES;
				CLANG_WARN__DUPLICATE_METHOD_MATCH = YES;
				COPY_PHASE_STRIP = NO;
				DEBUG_INFORMATION_FORMAT = dwarf;
				ENABLE_STRICT_OBJC_MSGSEND = YES;
				ENABLE_TESTABILITY = YES;
				GCC_C_LANGUAGE_STANDARD = gnu11;
				GCC_DYNAMIC_NO_PIC = NO;
				GCC_NO_COMMON_BLOCKS = YES;
				GCC_OPTIMIZATION_LEVEL = 0;
				GCC_PREPROCESSOR_DEFINITIONS = (
					"DEBUG=1",
					"$(inherited)",
				);
				GCC_WARN_64_TO_32_BIT_CONVERSION = YES;
				GCC_WARN_ABOUT_RETURN_TYPE = YES_ERROR;
				GCC_WARN_UNDECLARED_SELECTOR = YES;
				GCC_WARN_UNINITIALIZED_AUTOS = YES_AGGRESSIVE;
				GCC_WARN_UNUSED_FUNCTION = YES;
				GCC_WARN_UNUSED_VARIABLE = YES;
				IPHONEOS_DEPLOYMENT_TARGET = 13.0;
				MTL_ENABLE_DEBUG_INFO = INCLUDE_SOURCE;
				MTL_FAST_MATH = YES;
				ONLY_ACTIVE_ARCH = YES;
				SDKROOT = iphoneos;
				SWIFT_ACTIVE_COMPILATION_CONDITIONS = DEBUG;
				SWIFT_OPTIMIZATION_LEVEL = "-Onone";
			};
			name = Debug;
		};
		689B15612342DBA900A979AC /* Release */ = {
			isa = XCBuildConfiguration;
			buildSettings = {
				ALWAYS_SEARCH_USER_PATHS = NO;
				CLANG_ANALYZER_NONNULL = YES;
				CLANG_ANALYZER_NUMBER_OBJECT_CONVERSION = YES_AGGRESSIVE;
				CLANG_CXX_LANGUAGE_STANDARD = "gnu++14";
				CLANG_CXX_LIBRARY = "libc++";
				CLANG_ENABLE_MODULES = YES;
				CLANG_ENABLE_OBJC_ARC = YES;
				CLANG_ENABLE_OBJC_WEAK = YES;
				CLANG_WARN_BLOCK_CAPTURE_AUTORELEASING = YES;
				CLANG_WARN_BOOL_CONVERSION = YES;
				CLANG_WARN_COMMA = YES;
				CLANG_WARN_CONSTANT_CONVERSION = YES;
				CLANG_WARN_DEPRECATED_OBJC_IMPLEMENTATIONS = YES;
				CLANG_WARN_DIRECT_OBJC_ISA_USAGE = YES_ERROR;
				CLANG_WARN_DOCUMENTATION_COMMENTS = YES;
				CLANG_WARN_EMPTY_BODY = YES;
				CLANG_WARN_ENUM_CONVERSION = YES;
				CLANG_WARN_INFINITE_RECURSION = YES;
				CLANG_WARN_INT_CONVERSION = YES;
				CLANG_WARN_NON_LITERAL_NULL_CONVERSION = YES;
				CLANG_WARN_OBJC_IMPLICIT_RETAIN_SELF = YES;
				CLANG_WARN_OBJC_LITERAL_CONVERSION = YES;
				CLANG_WARN_OBJC_ROOT_CLASS = YES_ERROR;
				CLANG_WARN_RANGE_LOOP_ANALYSIS = YES;
				CLANG_WARN_STRICT_PROTOTYPES = YES;
				CLANG_WARN_SUSPICIOUS_MOVE = YES;
				CLANG_WARN_UNGUARDED_AVAILABILITY = YES_AGGRESSIVE;
				CLANG_WARN_UNREACHABLE_CODE = YES;
				CLANG_WARN__DUPLICATE_METHOD_MATCH = YES;
				COPY_PHASE_STRIP = NO;
				DEBUG_INFORMATION_FORMAT = "dwarf-with-dsym";
				ENABLE_NS_ASSERTIONS = NO;
				ENABLE_STRICT_OBJC_MSGSEND = YES;
				GCC_C_LANGUAGE_STANDARD = gnu11;
				GCC_NO_COMMON_BLOCKS = YES;
				GCC_WARN_64_TO_32_BIT_CONVERSION = YES;
				GCC_WARN_ABOUT_RETURN_TYPE = YES_ERROR;
				GCC_WARN_UNDECLARED_SELECTOR = YES;
				GCC_WARN_UNINITIALIZED_AUTOS = YES_AGGRESSIVE;
				GCC_WARN_UNUSED_FUNCTION = YES;
				GCC_WARN_UNUSED_VARIABLE = YES;
				IPHONEOS_DEPLOYMENT_TARGET = 13.0;
				MTL_ENABLE_DEBUG_INFO = NO;
				MTL_FAST_MATH = YES;
				SDKROOT = iphoneos;
				SWIFT_COMPILATION_MODE = wholemodule;
				SWIFT_OPTIMIZATION_LEVEL = "-O";
				VALIDATE_PRODUCT = YES;
			};
			name = Release;
		};
		689B15632342DBA900A979AC /* Debug */ = {
			isa = XCBuildConfiguration;
			baseConfigurationReference = 4027ADC9BCFCC4934D2C177D /* Pods-AllTheNetworks.debug.xcconfig */;
			buildSettings = {
				ASSETCATALOG_COMPILER_APPICON_NAME = AppIcon;
				CODE_SIGN_STYLE = Automatic;
				DEVELOPMENT_TEAM = 487YN8HM39;
				INFOPLIST_FILE = AllTheNetworks/Info.plist;
				LD_RUNPATH_SEARCH_PATHS = (
					"$(inherited)",
					"@executable_path/Frameworks",
				);
				PRODUCT_BUNDLE_IDENTIFIER = neas.lease.AllTheNetworks;
				PRODUCT_NAME = "$(TARGET_NAME)";
				SWIFT_VERSION = 5.0;
				TARGETED_DEVICE_FAMILY = "1,2";
			};
			name = Debug;
		};
		689B15642342DBA900A979AC /* Release */ = {
			isa = XCBuildConfiguration;
			baseConfigurationReference = AC9D7AA2FEF774E657CE44CE /* Pods-AllTheNetworks.release.xcconfig */;
			buildSettings = {
				ASSETCATALOG_COMPILER_APPICON_NAME = AppIcon;
				CODE_SIGN_STYLE = Automatic;
				DEVELOPMENT_TEAM = 487YN8HM39;
				INFOPLIST_FILE = AllTheNetworks/Info.plist;
				LD_RUNPATH_SEARCH_PATHS = (
					"$(inherited)",
					"@executable_path/Frameworks",
				);
				PRODUCT_BUNDLE_IDENTIFIER = neas.lease.AllTheNetworks;
				PRODUCT_NAME = "$(TARGET_NAME)";
				SWIFT_VERSION = 5.0;
				TARGETED_DEVICE_FAMILY = "1,2";
			};
			name = Release;
		};
/* End XCBuildConfiguration section */

/* Begin XCConfigurationList section */
		689B15492342DBA800A979AC /* Build configuration list for PBXProject "AllTheNetworks" */ = {
			isa = XCConfigurationList;
			buildConfigurations = (
				689B15602342DBA900A979AC /* Debug */,
				689B15612342DBA900A979AC /* Release */,
			);
			defaultConfigurationIsVisible = 0;
			defaultConfigurationName = Release;
		};
		689B15622342DBA900A979AC /* Build configuration list for PBXNativeTarget "AllTheNetworks" */ = {
			isa = XCConfigurationList;
			buildConfigurations = (
				689B15632342DBA900A979AC /* Debug */,
				689B15642342DBA900A979AC /* Release */,
			);
			defaultConfigurationIsVisible = 0;
			defaultConfigurationName = Release;
		};
/* End XCConfigurationList section */
	};
	rootObject = 689B15462342DBA800A979AC /* Project object */;
}
