// !$*UTF8*$!
{
	archiveVersion = 1;
	classes = {
	};
	objectVersion = 51;
	objects = {

/* Begin PBXBuildFile section */
		682FC1032558C16400A78BCE /* GoogleService-Info.plist in Resources */ = {isa = PBXBuildFile; fileRef = 682FC1022558C16400A78BCE /* GoogleService-Info.plist */; };
		685CD64824B53B1000229253 /* AppDelegate.swift in Sources */ = {isa = PBXBuildFile; fileRef = 685CD64724B53B1000229253 /* AppDelegate.swift */; };
		685CD64A24B53B1000229253 /* SceneDelegate.swift in Sources */ = {isa = PBXBuildFile; fileRef = 685CD64924B53B1000229253 /* SceneDelegate.swift */; };
		685CD64C24B53B1000229253 /* ContentView.swift in Sources */ = {isa = PBXBuildFile; fileRef = 685CD64B24B53B1000229253 /* ContentView.swift */; };
		685CD64E24B53B1900229253 /* Assets.xcassets in Resources */ = {isa = PBXBuildFile; fileRef = 685CD64D24B53B1900229253 /* Assets.xcassets */; };
		685CD65124B53B1900229253 /* Preview Assets.xcassets in Resources */ = {isa = PBXBuildFile; fileRef = 685CD65024B53B1900229253 /* Preview Assets.xcassets */; };
		685CD65424B53B1900229253 /* LaunchScreen.storyboard in Resources */ = {isa = PBXBuildFile; fileRef = 685CD65224B53B1900229253 /* LaunchScreen.storyboard */; };
		73F8C9CB0321CAD3D817C1BA /* Pods_AnonAuth.framework in Frameworks */ = {isa = PBXBuildFile; fileRef = BB7E88E9E9221441A19B5A37 /* Pods_AnonAuth.framework */; };
/* End PBXBuildFile section */

/* Begin PBXFileReference section */
		165F5C1F89C715CF543898EF /* Pods-AnonAuth.release.xcconfig */ = {isa = PBXFileReference; includeInIndex = 1; lastKnownFileType = text.xcconfig; name = "Pods-AnonAuth.release.xcconfig"; path = "Target Support Files/Pods-AnonAuth/Pods-AnonAuth.release.xcconfig"; sourceTree = "<group>"; };
		682FC1022558C16400A78BCE /* GoogleService-Info.plist */ = {isa = PBXFileReference; fileEncoding = 4; lastKnownFileType = text.plist.xml; path = "GoogleService-Info.plist"; sourceTree = "<group>"; };
		685CD64424B53B1000229253 /* AnonAuth.app */ = {isa = PBXFileReference; explicitFileType = wrapper.application; includeInIndex = 0; path = AnonAuth.app; sourceTree = BUILT_PRODUCTS_DIR; };
		685CD64724B53B1000229253 /* AppDelegate.swift */ = {isa = PBXFileReference; lastKnownFileType = sourcecode.swift; path = AppDelegate.swift; sourceTree = "<group>"; };
		685CD64924B53B1000229253 /* SceneDelegate.swift */ = {isa = PBXFileReference; lastKnownFileType = sourcecode.swift; path = SceneDelegate.swift; sourceTree = "<group>"; };
		685CD64B24B53B1000229253 /* ContentView.swift */ = {isa = PBXFileReference; lastKnownFileType = sourcecode.swift; path = ContentView.swift; sourceTree = "<group>"; };
		685CD64D24B53B1900229253 /* Assets.xcassets */ = {isa = PBXFileReference; lastKnownFileType = folder.assetcatalog; path = Assets.xcassets; sourceTree = "<group>"; };
		685CD65024B53B1900229253 /* Preview Assets.xcassets */ = {isa = PBXFileReference; lastKnownFileType = folder.assetcatalog; path = "Preview Assets.xcassets"; sourceTree = "<group>"; };
		685CD65324B53B1900229253 /* Base */ = {isa = PBXFileReference; lastKnownFileType = file.storyboard; name = Base; path = Base.lproj/LaunchScreen.storyboard; sourceTree = "<group>"; };
		685CD65524B53B1900229253 /* Info.plist */ = {isa = PBXFileReference; lastKnownFileType = text.plist.xml; path = Info.plist; sourceTree = "<group>"; };
		BB7E88E9E9221441A19B5A37 /* Pods_AnonAuth.framework */ = {isa = PBXFileReference; explicitFileType = wrapper.framework; includeInIndex = 0; path = Pods_AnonAuth.framework; sourceTree = BUILT_PRODUCTS_DIR; };
		F767B5390AD109E974008F63 /* Pods-AnonAuth.debug.xcconfig */ = {isa = PBXFileReference; includeInIndex = 1; lastKnownFileType = text.xcconfig; name = "Pods-AnonAuth.debug.xcconfig"; path = "Target Support Files/Pods-AnonAuth/Pods-AnonAuth.debug.xcconfig"; sourceTree = "<group>"; };
/* End PBXFileReference section */

/* Begin PBXFrameworksBuildPhase section */
		685CD64124B53B1000229253 /* Frameworks */ = {
			isa = PBXFrameworksBuildPhase;
			buildActionMask = 2147483647;
			files = (
				73F8C9CB0321CAD3D817C1BA /* Pods_AnonAuth.framework in Frameworks */,
			);
			runOnlyForDeploymentPostprocessing = 0;
		};
/* End PBXFrameworksBuildPhase section */

/* Begin PBXGroup section */
		1419B39137C2F74EDFADB3D9 /* Pods */ = {
			isa = PBXGroup;
			children = (
				F767B5390AD109E974008F63 /* Pods-AnonAuth.debug.xcconfig */,
				165F5C1F89C715CF543898EF /* Pods-AnonAuth.release.xcconfig */,
			);
			path = Pods;
			sourceTree = "<group>";
		};
		2F04B9292B9E243251F53C2F /* Frameworks */ = {
			isa = PBXGroup;
			children = (
				BB7E88E9E9221441A19B5A37 /* Pods_AnonAuth.framework */,
			);
			name = Frameworks;
			sourceTree = "<group>";
		};
		685CD63B24B53B0F00229253 = {
			isa = PBXGroup;
			children = (
				685CD64624B53B1000229253 /* AnonAuth */,
				685CD64524B53B1000229253 /* Products */,
				1419B39137C2F74EDFADB3D9 /* Pods */,
				2F04B9292B9E243251F53C2F /* Frameworks */,
			);
			sourceTree = "<group>";
		};
		685CD64524B53B1000229253 /* Products */ = {
			isa = PBXGroup;
			children = (
				685CD64424B53B1000229253 /* AnonAuth.app */,
			);
			name = Products;
			sourceTree = "<group>";
		};
		685CD64624B53B1000229253 /* AnonAuth */ = {
			isa = PBXGroup;
			children = (
				682FC1022558C16400A78BCE /* GoogleService-Info.plist */,
				685CD64724B53B1000229253 /* AppDelegate.swift */,
				685CD64924B53B1000229253 /* SceneDelegate.swift */,
				685CD64B24B53B1000229253 /* ContentView.swift */,
				685CD64D24B53B1900229253 /* Assets.xcassets */,
				685CD65224B53B1900229253 /* LaunchScreen.storyboard */,
				685CD65524B53B1900229253 /* Info.plist */,
				685CD64F24B53B1900229253 /* Preview Content */,
			);
			path = AnonAuth;
			sourceTree = "<group>";
		};
		685CD64F24B53B1900229253 /* Preview Content */ = {
			isa = PBXGroup;
			children = (
				685CD65024B53B1900229253 /* Preview Assets.xcassets */,
			);
			path = "Preview Content";
			sourceTree = "<group>";
		};
/* End PBXGroup section */

/* Begin PBXNativeTarget section */
		685CD64324B53B1000229253 /* AnonAuth */ = {
			isa = PBXNativeTarget;
			buildConfigurationList = 685CD65824B53B1900229253 /* Build configuration list for PBXNativeTarget "AnonAuth" */;
			buildPhases = (
				70DE20BD3D6C46EFEFB9F377 /* [CP] Check Pods Manifest.lock */,
				685CD64024B53B1000229253 /* Sources */,
				685CD64124B53B1000229253 /* Frameworks */,
				685CD64224B53B1000229253 /* Resources */,
				A2B32AB2697A08EF6D187DFF /* [CP] Embed Pods Frameworks */,
			);
			buildRules = (
			);
			dependencies = (
			);
			name = AnonAuth;
			productName = AnonAuth;
			productReference = 685CD64424B53B1000229253 /* AnonAuth.app */;
			productType = "com.apple.product-type.application";
		};
/* End PBXNativeTarget section */

/* Begin PBXProject section */
		685CD63C24B53B0F00229253 /* Project object */ = {
			isa = PBXProject;
			attributes = {
				LastSwiftUpdateCheck = 1150;
				LastUpgradeCheck = 1150;
				ORGANIZATIONNAME = neas.lease.anonauth;
				TargetAttributes = {
					685CD64324B53B1000229253 = {
						CreatedOnToolsVersion = 11.5;
					};
				};
			};
			buildConfigurationList = 685CD63F24B53B1000229253 /* Build configuration list for PBXProject "AnonAuth" */;
			compatibilityVersion = "Xcode 9.3";
			developmentRegion = en;
			hasScannedForEncodings = 0;
			knownRegions = (
				en,
				Base,
			);
			mainGroup = 685CD63B24B53B0F00229253;
			productRefGroup = 685CD64524B53B1000229253 /* Products */;
			projectDirPath = "";
			projectRoot = "";
			targets = (
				685CD64324B53B1000229253 /* AnonAuth */,
			);
		};
/* End PBXProject section */

/* Begin PBXResourcesBuildPhase section */
		685CD64224B53B1000229253 /* Resources */ = {
			isa = PBXResourcesBuildPhase;
			buildActionMask = 2147483647;
			files = (
				685CD65424B53B1900229253 /* LaunchScreen.storyboard in Resources */,
				682FC1032558C16400A78BCE /* GoogleService-Info.plist in Resources */,
				685CD65124B53B1900229253 /* Preview Assets.xcassets in Resources */,
				685CD64E24B53B1900229253 /* Assets.xcassets in Resources */,
			);
			runOnlyForDeploymentPostprocessing = 0;
		};
/* End PBXResourcesBuildPhase section */

/* Begin PBXShellScriptBuildPhase section */
		70DE20BD3D6C46EFEFB9F377 /* [CP] Check Pods Manifest.lock */ = {
			isa = PBXShellScriptBuildPhase;
			buildActionMask = 2147483647;
			files = (
			);
			inputFileListPaths = (
			);
			inputPaths = (
				"${PODS_PODFILE_DIR_PATH}/Podfile.lock",
				"${PODS_ROOT}/Manifest.lock",
			);
			name = "[CP] Check Pods Manifest.lock";
			outputFileListPaths = (
			);
			outputPaths = (
				"$(DERIVED_FILE_DIR)/Pods-AnonAuth-checkManifestLockResult.txt",
			);
			runOnlyForDeploymentPostprocessing = 0;
			shellPath = /bin/sh;
			shellScript = "diff \"${PODS_PODFILE_DIR_PATH}/Podfile.lock\" \"${PODS_ROOT}/Manifest.lock\" > /dev/null\nif [ $? != 0 ] ; then\n    # print error to STDERR\n    echo \"error: The sandbox is not in sync with the Podfile.lock. Run 'pod install' or update your CocoaPods installation.\" >&2\n    exit 1\nfi\n# This output is used by Xcode 'outputs' to avoid re-running this script phase.\necho \"SUCCESS\" > \"${SCRIPT_OUTPUT_FILE_0}\"\n";
			showEnvVarsInLog = 0;
		};
		A2B32AB2697A08EF6D187DFF /* [CP] Embed Pods Frameworks */ = {
			isa = PBXShellScriptBuildPhase;
			buildActionMask = 2147483647;
			files = (
			);
			inputFileListPaths = (
				"${PODS_ROOT}/Target Support Files/Pods-AnonAuth/Pods-AnonAuth-frameworks-${CONFIGURATION}-input-files.xcfilelist",
			);
			name = "[CP] Embed Pods Frameworks";
			outputFileListPaths = (
				"${PODS_ROOT}/Target Support Files/Pods-AnonAuth/Pods-AnonAuth-frameworks-${CONFIGURATION}-output-files.xcfilelist",
			);
			runOnlyForDeploymentPostprocessing = 0;
			shellPath = /bin/sh;
			shellScript = "\"${PODS_ROOT}/Target Support Files/Pods-AnonAuth/Pods-AnonAuth-frameworks.sh\"\n";
			showEnvVarsInLog = 0;
		};
/* End PBXShellScriptBuildPhase section */

/* Begin PBXSourcesBuildPhase section */
		685CD64024B53B1000229253 /* Sources */ = {
			isa = PBXSourcesBuildPhase;
			buildActionMask = 2147483647;
			files = (
				685CD64824B53B1000229253 /* AppDelegate.swift in Sources */,
				685CD64A24B53B1000229253 /* SceneDelegate.swift in Sources */,
				685CD64C24B53B1000229253 /* ContentView.swift in Sources */,
			);
			runOnlyForDeploymentPostprocessing = 0;
		};
/* End PBXSourcesBuildPhase section */

/* Begin PBXVariantGroup section */
		685CD65224B53B1900229253 /* LaunchScreen.storyboard */ = {
			isa = PBXVariantGroup;
			children = (
				685CD65324B53B1900229253 /* Base */,
			);
			name = LaunchScreen.storyboard;
			sourceTree = "<group>";
		};
/* End PBXVariantGroup section */

/* Begin XCBuildConfiguration section */
		685CD65624B53B1900229253 /* Debug */ = {
			isa = XCBuildConfiguration;
			buildSettings = {
				ALWAYS_SEARCH_USER_PATHS = NO;
				CLANG_ANALYZER_NONNULL = YES;
				CLANG_ANALYZER_NUMBER_OBJECT_CONVERSION = YES_AGGRESSIVE;
				CLANG_CXX_LANGUAGE_STANDARD = "gnu++14";
				CLANG_CXX_LIBRARY = "libc++";
				CLANG_ENABLE_MODULES = YES;
				CLANG_ENABLE_OBJC_ARC = YES;
				CLANG_ENABLE_OBJC_WEAK = YES;
				CLANG_WARN_BLOCK_CAPTURE_AUTORELEASING = YES;
				CLANG_WARN_BOOL_CONVERSION = YES;
				CLANG_WARN_COMMA = YES;
				CLANG_WARN_CONSTANT_CONVERSION = YES;
				CLANG_WARN_DEPRECATED_OBJC_IMPLEMENTATIONS = YES;
				CLANG_WARN_DIRECT_OBJC_ISA_USAGE = YES_ERROR;
				CLANG_WARN_DOCUMENTATION_COMMENTS = YES;
				CLANG_WARN_EMPTY_BODY = YES;
				CLANG_WARN_ENUM_CONVERSION = YES;
				CLANG_WARN_INFINITE_RECURSION = YES;
				CLANG_WARN_INT_CONVERSION = YES;
				CLANG_WARN_NON_LITERAL_NULL_CONVERSION = YES;
				CLANG_WARN_OBJC_IMPLICIT_RETAIN_SELF = YES;
				CLANG_WARN_OBJC_LITERAL_CONVERSION = YES;
				CLANG_WARN_OBJC_ROOT_CLASS = YES_ERROR;
				CLANG_WARN_RANGE_LOOP_ANALYSIS = YES;
				CLANG_WARN_STRICT_PROTOTYPES = YES;
				CLANG_WARN_SUSPICIOUS_MOVE = YES;
				CLANG_WARN_UNGUARDED_AVAILABILITY = YES_AGGRESSIVE;
				CLANG_WARN_UNREACHABLE_CODE = YES;
				CLANG_WARN__DUPLICATE_METHOD_MATCH = YES;
				COPY_PHASE_STRIP = NO;
				DEBUG_INFORMATION_FORMAT = dwarf;
				ENABLE_STRICT_OBJC_MSGSEND = YES;
				ENABLE_TESTABILITY = YES;
				GCC_C_LANGUAGE_STANDARD = gnu11;
				GCC_DYNAMIC_NO_PIC = NO;
				GCC_NO_COMMON_BLOCKS = YES;
				GCC_OPTIMIZATION_LEVEL = 0;
				GCC_PREPROCESSOR_DEFINITIONS = (
					"DEBUG=1",
					"$(inherited)",
				);
				GCC_WARN_64_TO_32_BIT_CONVERSION = YES;
				GCC_WARN_ABOUT_RETURN_TYPE = YES_ERROR;
				GCC_WARN_UNDECLARED_SELECTOR = YES;
				GCC_WARN_UNINITIALIZED_AUTOS = YES_AGGRESSIVE;
				GCC_WARN_UNUSED_FUNCTION = YES;
				GCC_WARN_UNUSED_VARIABLE = YES;
				IPHONEOS_DEPLOYMENT_TARGET = 13.5;
				MTL_ENABLE_DEBUG_INFO = INCLUDE_SOURCE;
				MTL_FAST_MATH = YES;
				ONLY_ACTIVE_ARCH = YES;
				SDKROOT = iphoneos;
				SWIFT_ACTIVE_COMPILATION_CONDITIONS = DEBUG;
				SWIFT_OPTIMIZATION_LEVEL = "-Onone";
			};
			name = Debug;
		};
		685CD65724B53B1900229253 /* Release */ = {
			isa = XCBuildConfiguration;
			buildSettings = {
				ALWAYS_SEARCH_USER_PATHS = NO;
				CLANG_ANALYZER_NONNULL = YES;
				CLANG_ANALYZER_NUMBER_OBJECT_CONVERSION = YES_AGGRESSIVE;
				CLANG_CXX_LANGUAGE_STANDARD = "gnu++14";
				CLANG_CXX_LIBRARY = "libc++";
				CLANG_ENABLE_MODULES = YES;
				CLANG_ENABLE_OBJC_ARC = YES;
				CLANG_ENABLE_OBJC_WEAK = YES;
				CLANG_WARN_BLOCK_CAPTURE_AUTORELEASING = YES;
				CLANG_WARN_BOOL_CONVERSION = YES;
				CLANG_WARN_COMMA = YES;
				CLANG_WARN_CONSTANT_CONVERSION = YES;
				CLANG_WARN_DEPRECATED_OBJC_IMPLEMENTATIONS = YES;
				CLANG_WARN_DIRECT_OBJC_ISA_USAGE = YES_ERROR;
				CLANG_WARN_DOCUMENTATION_COMMENTS = YES;
				CLANG_WARN_EMPTY_BODY = YES;
				CLANG_WARN_ENUM_CONVERSION = YES;
				CLANG_WARN_INFINITE_RECURSION = YES;
				CLANG_WARN_INT_CONVERSION = YES;
				CLANG_WARN_NON_LITERAL_NULL_CONVERSION = YES;
				CLANG_WARN_OBJC_IMPLICIT_RETAIN_SELF = YES;
				CLANG_WARN_OBJC_LITERAL_CONVERSION = YES;
				CLANG_WARN_OBJC_ROOT_CLASS = YES_ERROR;
				CLANG_WARN_RANGE_LOOP_ANALYSIS = YES;
				CLANG_WARN_STRICT_PROTOTYPES = YES;
				CLANG_WARN_SUSPICIOUS_MOVE = YES;
				CLANG_WARN_UNGUARDED_AVAILABILITY = YES_AGGRESSIVE;
				CLANG_WARN_UNREACHABLE_CODE = YES;
				CLANG_WARN__DUPLICATE_METHOD_MATCH = YES;
				COPY_PHASE_STRIP = NO;
				DEBUG_INFORMATION_FORMAT = "dwarf-with-dsym";
				ENABLE_NS_ASSERTIONS = NO;
				ENABLE_STRICT_OBJC_MSGSEND = YES;
				GCC_C_LANGUAGE_STANDARD = gnu11;
				GCC_NO_COMMON_BLOCKS = YES;
				GCC_WARN_64_TO_32_BIT_CONVERSION = YES;
				GCC_WARN_ABOUT_RETURN_TYPE = YES_ERROR;
				GCC_WARN_UNDECLARED_SELECTOR = YES;
				GCC_WARN_UNINITIALIZED_AUTOS = YES_AGGRESSIVE;
				GCC_WARN_UNUSED_FUNCTION = YES;
				GCC_WARN_UNUSED_VARIABLE = YES;
				IPHONEOS_DEPLOYMENT_TARGET = 13.5;
				MTL_ENABLE_DEBUG_INFO = NO;
				MTL_FAST_MATH = YES;
				SDKROOT = iphoneos;
				SWIFT_COMPILATION_MODE = wholemodule;
				SWIFT_OPTIMIZATION_LEVEL = "-O";
				VALIDATE_PRODUCT = YES;
			};
			name = Release;
		};
		685CD65924B53B1900229253 /* Debug */ = {
			isa = XCBuildConfiguration;
			baseConfigurationReference = F767B5390AD109E974008F63 /* Pods-AnonAuth.debug.xcconfig */;
			buildSettings = {
				ASSETCATALOG_COMPILER_APPICON_NAME = AppIcon;
				CODE_SIGN_STYLE = Automatic;
				DEVELOPMENT_ASSET_PATHS = "\"AnonAuth/Preview Content\"";
				DEVELOPMENT_TEAM = 487YN8HM39;
				ENABLE_PREVIEWS = YES;
				INFOPLIST_FILE = AnonAuth/Info.plist;
				LD_RUNPATH_SEARCH_PATHS = (
					"$(inherited)",
					"@executable_path/Frameworks",
				);
				PRODUCT_BUNDLE_IDENTIFIER = neas.lease.AnonAuth;
				PRODUCT_NAME = "$(TARGET_NAME)";
				SWIFT_VERSION = 5.0;
				TARGETED_DEVICE_FAMILY = "1,2";
			};
			name = Debug;
		};
		685CD65A24B53B1900229253 /* Release */ = {
			isa = XCBuildConfiguration;
			baseConfigurationReference = 165F5C1F89C715CF543898EF /* Pods-AnonAuth.release.xcconfig */;
			buildSettings = {
				ASSETCATALOG_COMPILER_APPICON_NAME = AppIcon;
				CODE_SIGN_STYLE = Automatic;
				DEVELOPMENT_ASSET_PATHS = "\"AnonAuth/Preview Content\"";
				DEVELOPMENT_TEAM = 487YN8HM39;
				ENABLE_PREVIEWS = YES;
				INFOPLIST_FILE = AnonAuth/Info.plist;
				LD_RUNPATH_SEARCH_PATHS = (
					"$(inherited)",
					"@executable_path/Frameworks",
				);
				PRODUCT_BUNDLE_IDENTIFIER = neas.lease.AnonAuth;
				PRODUCT_NAME = "$(TARGET_NAME)";
				SWIFT_VERSION = 5.0;
				TARGETED_DEVICE_FAMILY = "1,2";
			};
			name = Release;
		};
/* End XCBuildConfiguration section */

/* Begin XCConfigurationList section */
		685CD63F24B53B1000229253 /* Build configuration list for PBXProject "AnonAuth" */ = {
			isa = XCConfigurationList;
			buildConfigurations = (
				685CD65624B53B1900229253 /* Debug */,
				685CD65724B53B1900229253 /* Release */,
			);
			defaultConfigurationIsVisible = 0;
			defaultConfigurationName = Release;
		};
		685CD65824B53B1900229253 /* Build configuration list for PBXNativeTarget "AnonAuth" */ = {
			isa = XCConfigurationList;
			buildConfigurations = (
				685CD65924B53B1900229253 /* Debug */,
				685CD65A24B53B1900229253 /* Release */,
			);
			defaultConfigurationIsVisible = 0;
			defaultConfigurationName = Release;
		};
/* End XCConfigurationList section */
	};
	rootObject = 685CD63C24B53B0F00229253 /* Project object */;
}
